// !$*UTF8*$!
{
	archiveVersion = 1;
	classes = {
	};
	objectVersion = 46;
	objects = {

/* Begin PBXBuildFile section */
		AE8D0FD71DF600BA00CCC45E /* CoreAudio.framework in Frameworks */ = {isa = PBXBuildFile; fileRef = AE8D0FD61DF600BA00CCC45E /* CoreAudio.framework */; };
		AE8D0FDB1DF601EA00CCC45E /* ISSoundAdditions.m in Sources */ = {isa = PBXBuildFile; fileRef = AE8D0FDA1DF601EA00CCC45E /* ISSoundAdditions.m */; };
		AEAE7E3E1DF33A5900B0774E /* AppDelegate.swift in Sources */ = {isa = PBXBuildFile; fileRef = AEAE7E3D1DF33A5900B0774E /* AppDelegate.swift */; };
		AEAE7E401DF33A5900B0774E /* Assets.xcassets in Resources */ = {isa = PBXBuildFile; fileRef = AEAE7E3F1DF33A5900B0774E /* Assets.xcassets */; };
		AEAE7E431DF33A5900B0774E /* MainMenu.xib in Resources */ = {isa = PBXBuildFile; fileRef = AEAE7E411DF33A5900B0774E /* MainMenu.xib */; };
		AEAE7E4E1DF33A5900B0774E /* FaderBarTests.swift in Sources */ = {isa = PBXBuildFile; fileRef = AEAE7E4D1DF33A5900B0774E /* FaderBarTests.swift */; };
		AEAE7E591DF33A5900B0774E /* FaderBarUITests.swift in Sources */ = {isa = PBXBuildFile; fileRef = AEAE7E581DF33A5900B0774E /* FaderBarUITests.swift */; };
		AEAE7E671DF42BCB00B0774E /* StatusMenuController.swift in Sources */ = {isa = PBXBuildFile; fileRef = AEAE7E661DF42BCB00B0774E /* StatusMenuController.swift */; };
		AEAE7E6B1DF432E800B0774E /* VolumeControl.swift in Sources */ = {isa = PBXBuildFile; fileRef = AEAE7E6A1DF432E800B0774E /* VolumeControl.swift */; };
		AEAE7E6C1DF432E800B0774E /* VolumeControl.swift in Sources */ = {isa = PBXBuildFile; fileRef = AEAE7E6A1DF432E800B0774E /* VolumeControl.swift */; };
/* End PBXBuildFile section */

/* Begin PBXContainerItemProxy section */
		AEAE7E4A1DF33A5900B0774E /* PBXContainerItemProxy */ = {
			isa = PBXContainerItemProxy;
			containerPortal = AEAE7E321DF33A5900B0774E /* Project object */;
			proxyType = 1;
			remoteGlobalIDString = AEAE7E391DF33A5900B0774E;
			remoteInfo = FaderBar;
		};
		AEAE7E551DF33A5900B0774E /* PBXContainerItemProxy */ = {
			isa = PBXContainerItemProxy;
			containerPortal = AEAE7E321DF33A5900B0774E /* Project object */;
			proxyType = 1;
			remoteGlobalIDString = AEAE7E391DF33A5900B0774E;
			remoteInfo = FaderBar;
		};
/* End PBXContainerItemProxy section */

/* Begin PBXFileReference section */
		AE8D0FD61DF600BA00CCC45E /* CoreAudio.framework */ = {isa = PBXFileReference; lastKnownFileType = wrapper.framework; name = CoreAudio.framework; path = System/Library/Frameworks/CoreAudio.framework; sourceTree = SDKROOT; };
		AE8D0FD81DF601E900CCC45E /* FaderBar-Bridging-Header.h */ = {isa = PBXFileReference; lastKnownFileType = sourcecode.c.h; path = "FaderBar-Bridging-Header.h"; sourceTree = "<group>"; };
		AE8D0FD91DF601EA00CCC45E /* ISSoundAdditions.h */ = {isa = PBXFileReference; fileEncoding = 4; lastKnownFileType = sourcecode.c.h; name = ISSoundAdditions.h; path = "../../../Downloads/ISSoundAdditions-master/ISSoundAdditions.h"; sourceTree = "<group>"; };
		AE8D0FDA1DF601EA00CCC45E /* ISSoundAdditions.m */ = {isa = PBXFileReference; fileEncoding = 4; lastKnownFileType = sourcecode.c.objc; name = ISSoundAdditions.m; path = "../../../Downloads/ISSoundAdditions-master/ISSoundAdditions.m"; sourceTree = "<group>"; };
		AEAE7E3A1DF33A5900B0774E /* FaderBar.app */ = {isa = PBXFileReference; explicitFileType = wrapper.application; includeInIndex = 0; path = FaderBar.app; sourceTree = BUILT_PRODUCTS_DIR; };
		AEAE7E3D1DF33A5900B0774E /* AppDelegate.swift */ = {isa = PBXFileReference; lastKnownFileType = sourcecode.swift; path = AppDelegate.swift; sourceTree = "<group>"; };
		AEAE7E3F1DF33A5900B0774E /* Assets.xcassets */ = {isa = PBXFileReference; lastKnownFileType = folder.assetcatalog; path = Assets.xcassets; sourceTree = "<group>"; };
		AEAE7E421DF33A5900B0774E /* Base */ = {isa = PBXFileReference; lastKnownFileType = file.xib; name = Base; path = Base.lproj/MainMenu.xib; sourceTree = "<group>"; };
		AEAE7E441DF33A5900B0774E /* Info.plist */ = {isa = PBXFileReference; lastKnownFileType = text.plist.xml; path = Info.plist; sourceTree = "<group>"; };
		AEAE7E491DF33A5900B0774E /* FaderBarTests.xctest */ = {isa = PBXFileReference; explicitFileType = wrapper.cfbundle; includeInIndex = 0; path = FaderBarTests.xctest; sourceTree = BUILT_PRODUCTS_DIR; };
		AEAE7E4D1DF33A5900B0774E /* FaderBarTests.swift */ = {isa = PBXFileReference; lastKnownFileType = sourcecode.swift; path = FaderBarTests.swift; sourceTree = "<group>"; };
		AEAE7E4F1DF33A5900B0774E /* Info.plist */ = {isa = PBXFileReference; lastKnownFileType = text.plist.xml; path = Info.plist; sourceTree = "<group>"; };
		AEAE7E541DF33A5900B0774E /* FaderBarUITests.xctest */ = {isa = PBXFileReference; explicitFileType = wrapper.cfbundle; includeInIndex = 0; path = FaderBarUITests.xctest; sourceTree = BUILT_PRODUCTS_DIR; };
		AEAE7E581DF33A5900B0774E /* FaderBarUITests.swift */ = {isa = PBXFileReference; lastKnownFileType = sourcecode.swift; path = FaderBarUITests.swift; sourceTree = "<group>"; };
		AEAE7E5A1DF33A5900B0774E /* Info.plist */ = {isa = PBXFileReference; lastKnownFileType = text.plist.xml; path = Info.plist; sourceTree = "<group>"; };
		AEAE7E661DF42BCB00B0774E /* StatusMenuController.swift */ = {isa = PBXFileReference; fileEncoding = 4; lastKnownFileType = sourcecode.swift; path = StatusMenuController.swift; sourceTree = "<group>"; };
		AEAE7E6A1DF432E800B0774E /* VolumeControl.swift */ = {isa = PBXFileReference; fileEncoding = 4; lastKnownFileType = sourcecode.swift; name = VolumeControl.swift; path = ../VolumeControl.swift; sourceTree = "<group>"; };
/* End PBXFileReference section */

/* Begin PBXFrameworksBuildPhase section */
		AEAE7E371DF33A5900B0774E /* Frameworks */ = {
			isa = PBXFrameworksBuildPhase;
			buildActionMask = 2147483647;
			files = (
				AE8D0FD71DF600BA00CCC45E /* CoreAudio.framework in Frameworks */,
			);
			runOnlyForDeploymentPostprocessing = 0;
		};
		AEAE7E461DF33A5900B0774E /* Frameworks */ = {
			isa = PBXFrameworksBuildPhase;
			buildActionMask = 2147483647;
			files = (
			);
			runOnlyForDeploymentPostprocessing = 0;
		};
		AEAE7E511DF33A5900B0774E /* Frameworks */ = {
			isa = PBXFrameworksBuildPhase;
			buildActionMask = 2147483647;
			files = (
			);
			runOnlyForDeploymentPostprocessing = 0;
		};
/* End PBXFrameworksBuildPhase section */

/* Begin PBXGroup section */
		AE8D0FD51DF600BA00CCC45E /* Frameworks */ = {
			isa = PBXGroup;
			children = (
				AE8D0FD61DF600BA00CCC45E /* CoreAudio.framework */,
			);
			name = Frameworks;
			sourceTree = "<group>";
		};
		AEAE7E311DF33A5900B0774E = {
			isa = PBXGroup;
			children = (
				AEAE7E3C1DF33A5900B0774E /* FaderBar */,
				AEAE7E4C1DF33A5900B0774E /* FaderBarTests */,
				AEAE7E571DF33A5900B0774E /* FaderBarUITests */,
				AEAE7E3B1DF33A5900B0774E /* Products */,
				AE8D0FD51DF600BA00CCC45E /* Frameworks */,
			);
			sourceTree = "<group>";
		};
		AEAE7E3B1DF33A5900B0774E /* Products */ = {
			isa = PBXGroup;
			children = (
				AEAE7E3A1DF33A5900B0774E /* FaderBar.app */,
				AEAE7E491DF33A5900B0774E /* FaderBarTests.xctest */,
				AEAE7E541DF33A5900B0774E /* FaderBarUITests.xctest */,
			);
			name = Products;
			sourceTree = "<group>";
		};
		AEAE7E3C1DF33A5900B0774E /* FaderBar */ = {
			isa = PBXGroup;
			children = (
				AEAE7E6A1DF432E800B0774E /* VolumeControl.swift */,
				AE8D0FD91DF601EA00CCC45E /* ISSoundAdditions.h */,
				AE8D0FDA1DF601EA00CCC45E /* ISSoundAdditions.m */,
				AEAE7E3D1DF33A5900B0774E /* AppDelegate.swift */,
				AEAE7E3F1DF33A5900B0774E /* Assets.xcassets */,
				AEAE7E411DF33A5900B0774E /* MainMenu.xib */,
				AEAE7E441DF33A5900B0774E /* Info.plist */,
				AEAE7E661DF42BCB00B0774E /* StatusMenuController.swift */,
				AE8D0FD81DF601E900CCC45E /* FaderBar-Bridging-Header.h */,
			);
			path = FaderBar;
			sourceTree = "<group>";
		};
		AEAE7E4C1DF33A5900B0774E /* FaderBarTests */ = {
			isa = PBXGroup;
			children = (
				AEAE7E4D1DF33A5900B0774E /* FaderBarTests.swift */,
				AEAE7E4F1DF33A5900B0774E /* Info.plist */,
			);
			path = FaderBarTests;
			sourceTree = "<group>";
		};
		AEAE7E571DF33A5900B0774E /* FaderBarUITests */ = {
			isa = PBXGroup;
			children = (
				AEAE7E581DF33A5900B0774E /* FaderBarUITests.swift */,
				AEAE7E5A1DF33A5900B0774E /* Info.plist */,
			);
			path = FaderBarUITests;
			sourceTree = "<group>";
		};
/* End PBXGroup section */

/* Begin PBXNativeTarget section */
		AEAE7E391DF33A5900B0774E /* FaderBar */ = {
			isa = PBXNativeTarget;
			buildConfigurationList = AEAE7E5D1DF33A5900B0774E /* Build configuration list for PBXNativeTarget "FaderBar" */;
			buildPhases = (
				AEAE7E361DF33A5900B0774E /* Sources */,
				AEAE7E371DF33A5900B0774E /* Frameworks */,
				AEAE7E381DF33A5900B0774E /* Resources */,
			);
			buildRules = (
			);
			dependencies = (
			);
			name = FaderBar;
			productName = FaderBar;
			productReference = AEAE7E3A1DF33A5900B0774E /* FaderBar.app */;
			productType = "com.apple.product-type.application";
		};
		AEAE7E481DF33A5900B0774E /* FaderBarTests */ = {
			isa = PBXNativeTarget;
			buildConfigurationList = AEAE7E601DF33A5900B0774E /* Build configuration list for PBXNativeTarget "FaderBarTests" */;
			buildPhases = (
				AEAE7E451DF33A5900B0774E /* Sources */,
				AEAE7E461DF33A5900B0774E /* Frameworks */,
				AEAE7E471DF33A5900B0774E /* Resources */,
			);
			buildRules = (
			);
			dependencies = (
				AEAE7E4B1DF33A5900B0774E /* PBXTargetDependency */,
			);
			name = FaderBarTests;
			productName = FaderBarTests;
			productReference = AEAE7E491DF33A5900B0774E /* FaderBarTests.xctest */;
			productType = "com.apple.product-type.bundle.unit-test";
		};
		AEAE7E531DF33A5900B0774E /* FaderBarUITests */ = {
			isa = PBXNativeTarget;
			buildConfigurationList = AEAE7E631DF33A5900B0774E /* Build configuration list for PBXNativeTarget "FaderBarUITests" */;
			buildPhases = (
				AEAE7E501DF33A5900B0774E /* Sources */,
				AEAE7E511DF33A5900B0774E /* Frameworks */,
				AEAE7E521DF33A5900B0774E /* Resources */,
			);
			buildRules = (
			);
			dependencies = (
				AEAE7E561DF33A5900B0774E /* PBXTargetDependency */,
			);
			name = FaderBarUITests;
			productName = FaderBarUITests;
			productReference = AEAE7E541DF33A5900B0774E /* FaderBarUITests.xctest */;
			productType = "com.apple.product-type.bundle.ui-testing";
		};
/* End PBXNativeTarget section */

/* Begin PBXProject section */
		AEAE7E321DF33A5900B0774E /* Project object */ = {
			isa = PBXProject;
			attributes = {
				LastSwiftUpdateCheck = 0810;
				LastUpgradeCheck = 0810;
				ORGANIZATIONNAME = iain;
				TargetAttributes = {
					AEAE7E391DF33A5900B0774E = {
						CreatedOnToolsVersion = 8.1;
						LastSwiftMigration = 0810;
						ProvisioningStyle = Automatic;
					};
					AEAE7E481DF33A5900B0774E = {
						CreatedOnToolsVersion = 8.1;
						ProvisioningStyle = Automatic;
						TestTargetID = AEAE7E391DF33A5900B0774E;
					};
					AEAE7E531DF33A5900B0774E = {
						CreatedOnToolsVersion = 8.1;
						ProvisioningStyle = Automatic;
						TestTargetID = AEAE7E391DF33A5900B0774E;
					};
				};
			};
			buildConfigurationList = AEAE7E351DF33A5900B0774E /* Build configuration list for PBXProject "FaderBar" */;
			compatibilityVersion = "Xcode 3.2";
			developmentRegion = English;
			hasScannedForEncodings = 0;
			knownRegions = (
				en,
				Base,
			);
			mainGroup = AEAE7E311DF33A5900B0774E;
			productRefGroup = AEAE7E3B1DF33A5900B0774E /* Products */;
			projectDirPath = "";
			projectRoot = "";
			targets = (
				AEAE7E391DF33A5900B0774E /* FaderBar */,
				AEAE7E481DF33A5900B0774E /* FaderBarTests */,
				AEAE7E531DF33A5900B0774E /* FaderBarUITests */,
			);
		};
/* End PBXProject section */

/* Begin PBXResourcesBuildPhase section */
		AEAE7E381DF33A5900B0774E /* Resources */ = {
			isa = PBXResourcesBuildPhase;
			buildActionMask = 2147483647;
			files = (
				AEAE7E401DF33A5900B0774E /* Assets.xcassets in Resources */,
				AEAE7E431DF33A5900B0774E /* MainMenu.xib in Resources */,
			);
			runOnlyForDeploymentPostprocessing = 0;
		};
		AEAE7E471DF33A5900B0774E /* Resources */ = {
			isa = PBXResourcesBuildPhase;
			buildActionMask = 2147483647;
			files = (
			);
			runOnlyForDeploymentPostprocessing = 0;
		};
		AEAE7E521DF33A5900B0774E /* Resources */ = {
			isa = PBXResourcesBuildPhase;
			buildActionMask = 2147483647;
			files = (
			);
			runOnlyForDeploymentPostprocessing = 0;
		};
/* End PBXResourcesBuildPhase section */

/* Begin PBXSourcesBuildPhase section */
		AEAE7E361DF33A5900B0774E /* Sources */ = {
			isa = PBXSourcesBuildPhase;
			buildActionMask = 2147483647;
			files = (
				AEAE7E671DF42BCB00B0774E /* StatusMenuController.swift in Sources */,
				AE8D0FDB1DF601EA00CCC45E /* ISSoundAdditions.m in Sources */,
				AEAE7E3E1DF33A5900B0774E /* AppDelegate.swift in Sources */,
				AEAE7E6B1DF432E800B0774E /* VolumeControl.swift in Sources */,
			);
			runOnlyForDeploymentPostprocessing = 0;
		};
		AEAE7E451DF33A5900B0774E /* Sources */ = {
			isa = PBXSourcesBuildPhase;
			buildActionMask = 2147483647;
			files = (
				AEAE7E4E1DF33A5900B0774E /* FaderBarTests.swift in Sources */,
				AEAE7E6C1DF432E800B0774E /* VolumeControl.swift in Sources */,
			);
			runOnlyForDeploymentPostprocessing = 0;
		};
		AEAE7E501DF33A5900B0774E /* Sources */ = {
			isa = PBXSourcesBuildPhase;
			buildActionMask = 2147483647;
			files = (
				AEAE7E591DF33A5900B0774E /* FaderBarUITests.swift in Sources */,
			);
			runOnlyForDeploymentPostprocessing = 0;
		};
/* End PBXSourcesBuildPhase section */

/* Begin PBXTargetDependency section */
		AEAE7E4B1DF33A5900B0774E /* PBXTargetDependency */ = {
			isa = PBXTargetDependency;
			target = AEAE7E391DF33A5900B0774E /* FaderBar */;
			targetProxy = AEAE7E4A1DF33A5900B0774E /* PBXContainerItemProxy */;
		};
		AEAE7E561DF33A5900B0774E /* PBXTargetDependency */ = {
			isa = PBXTargetDependency;
			target = AEAE7E391DF33A5900B0774E /* FaderBar */;
			targetProxy = AEAE7E551DF33A5900B0774E /* PBXContainerItemProxy */;
		};
/* End PBXTargetDependency section */

/* Begin PBXVariantGroup section */
		AEAE7E411DF33A5900B0774E /* MainMenu.xib */ = {
			isa = PBXVariantGroup;
			children = (
				AEAE7E421DF33A5900B0774E /* Base */,
			);
			name = MainMenu.xib;
			sourceTree = "<group>";
		};
/* End PBXVariantGroup section */

/* Begin XCBuildConfiguration section */
		AEAE7E5B1DF33A5900B0774E /* Debug */ = {
			isa = XCBuildConfiguration;
			buildSettings = {
				ALWAYS_SEARCH_USER_PATHS = NO;
				CLANG_ANALYZER_NONNULL = YES;
				CLANG_CXX_LANGUAGE_STANDARD = "gnu++0x";
				CLANG_CXX_LIBRARY = "libc++";
				CLANG_ENABLE_MODULES = YES;
				CLANG_ENABLE_OBJC_ARC = YES;
				CLANG_WARN_BOOL_CONVERSION = YES;
				CLANG_WARN_CONSTANT_CONVERSION = YES;
				CLANG_WARN_DIRECT_OBJC_ISA_USAGE = YES_ERROR;
				CLANG_WARN_DOCUMENTATION_COMMENTS = YES;
				CLANG_WARN_EMPTY_BODY = YES;
				CLANG_WARN_ENUM_CONVERSION = YES;
				CLANG_WARN_INFINITE_RECURSION = YES;
				CLANG_WARN_INT_CONVERSION = YES;
				CLANG_WARN_OBJC_ROOT_CLASS = YES_ERROR;
				CLANG_WARN_SUSPICIOUS_MOVES = YES;
				CLANG_WARN_UNREACHABLE_CODE = YES;
				CLANG_WARN__DUPLICATE_METHOD_MATCH = YES;
				CODE_SIGN_IDENTITY = "-";
				COPY_PHASE_STRIP = NO;
				DEBUG_INFORMATION_FORMAT = dwarf;
				ENABLE_STRICT_OBJC_MSGSEND = YES;
				ENABLE_TESTABILITY = YES;
				GCC_C_LANGUAGE_STANDARD = gnu99;
				GCC_DYNAMIC_NO_PIC = NO;
				GCC_NO_COMMON_BLOCKS = YES;
				GCC_OPTIMIZATION_LEVEL = 0;
				GCC_PREPROCESSOR_DEFINITIONS = (
					"DEBUG=1",
					"$(inherited)",
				);
				GCC_WARN_64_TO_32_BIT_CONVERSION = YES;
				GCC_WARN_ABOUT_RETURN_TYPE = YES_ERROR;
				GCC_WARN_UNDECLARED_SELECTOR = YES;
				GCC_WARN_UNINITIALIZED_AUTOS = YES_AGGRESSIVE;
				GCC_WARN_UNUSED_FUNCTION = YES;
				GCC_WARN_UNUSED_VARIABLE = YES;
				MACOSX_DEPLOYMENT_TARGET = 10.11;
				MTL_ENABLE_DEBUG_INFO = YES;
				ONLY_ACTIVE_ARCH = YES;
				SDKROOT = macosx;
				SWIFT_ACTIVE_COMPILATION_CONDITIONS = DEBUG;
				SWIFT_OPTIMIZATION_LEVEL = "-Onone";
			};
			name = Debug;
		};
		AEAE7E5C1DF33A5900B0774E /* Release */ = {
			isa = XCBuildConfiguration;
			buildSettings = {
				ALWAYS_SEARCH_USER_PATHS = NO;
				CLANG_ANALYZER_NONNULL = YES;
				CLANG_CXX_LANGUAGE_STANDARD = "gnu++0x";
				CLANG_CXX_LIBRARY = "libc++";
				CLANG_ENABLE_MODULES = YES;
				CLANG_ENABLE_OBJC_ARC = YES;
				CLANG_WARN_BOOL_CONVERSION = YES;
				CLANG_WARN_CONSTANT_CONVERSION = YES;
				CLANG_WARN_DIRECT_OBJC_ISA_USAGE = YES_ERROR;
				CLANG_WARN_DOCUMENTATION_COMMENTS = YES;
				CLANG_WARN_EMPTY_BODY = YES;
				CLANG_WARN_ENUM_CONVERSION = YES;
				CLANG_WARN_INFINITE_RECURSION = YES;
				CLANG_WARN_INT_CONVERSION = YES;
				CLANG_WARN_OBJC_ROOT_CLASS = YES_ERROR;
				CLANG_WARN_SUSPICIOUS_MOVES = YES;
				CLANG_WARN_UNREACHABLE_CODE = YES;
				CLANG_WARN__DUPLICATE_METHOD_MATCH = YES;
				CODE_SIGN_IDENTITY = "-";
				COPY_PHASE_STRIP = NO;
				DEBUG_INFORMATION_FORMAT = "dwarf-with-dsym";
				ENABLE_NS_ASSERTIONS = NO;
				ENABLE_STRICT_OBJC_MSGSEND = YES;
				GCC_C_LANGUAGE_STANDARD = gnu99;
				GCC_NO_COMMON_BLOCKS = YES;
				GCC_WARN_64_TO_32_BIT_CONVERSION = YES;
				GCC_WARN_ABOUT_RETURN_TYPE = YES_ERROR;
				GCC_WARN_UNDECLARED_SELECTOR = YES;
				GCC_WARN_UNINITIALIZED_AUTOS = YES_AGGRESSIVE;
				GCC_WARN_UNUSED_FUNCTION = YES;
				GCC_WARN_UNUSED_VARIABLE = YES;
				MACOSX_DEPLOYMENT_TARGET = 10.11;
				MTL_ENABLE_DEBUG_INFO = NO;
				SDKROOT = macosx;
				SWIFT_OPTIMIZATION_LEVEL = "-Owholemodule";
			};
			name = Release;
		};
		AEAE7E5E1DF33A5900B0774E /* Debug */ = {
			isa = XCBuildConfiguration;
			buildSettings = {
				ASSETCATALOG_COMPILER_APPICON_NAME = AppIcon;
				CLANG_ENABLE_MODULES = YES;
				COMBINE_HIDPI_IMAGES = YES;
				INFOPLIST_FILE = FaderBar/Info.plist;
				LD_RUNPATH_SEARCH_PATHS = "$(inherited) @executable_path/../Frameworks";
				PRODUCT_BUNDLE_IDENTIFIER = iain8.FaderBar;
				PRODUCT_NAME = "$(TARGET_NAME)";
				SWIFT_OBJC_BRIDGING_HEADER = "FaderBar/FaderBar-Bridging-Header.h";
				SWIFT_OPTIMIZATION_LEVEL = "-Onone";
				SWIFT_VERSION = 3.0;
			};
			name = Debug;
		};
		AEAE7E5F1DF33A5900B0774E /* Release */ = {
			isa = XCBuildConfiguration;
			buildSettings = {
				ASSETCATALOG_COMPILER_APPICON_NAME = AppIcon;
				CLANG_ENABLE_MODULES = YES;
				COMBINE_HIDPI_IMAGES = YES;
				INFOPLIST_FILE = FaderBar/Info.plist;
				LD_RUNPATH_SEARCH_PATHS = "$(inherited) @executable_path/../Frameworks";
				PRODUCT_BUNDLE_IDENTIFIER = iain8.FaderBar;
				PRODUCT_NAME = "$(TARGET_NAME)";
				SWIFT_OBJC_BRIDGING_HEADER = "FaderBar/FaderBar-Bridging-Header.h";
				SWIFT_VERSION = 3.0;
			};
			name = Release;
		};
		AEAE7E611DF33A5900B0774E /* Debug */ = {
			isa = XCBuildConfiguration;
			buildSettings = {
				ALWAYS_EMBED_SWIFT_STANDARD_LIBRARIES = YES;
				BUNDLE_LOADER = "$(TEST_HOST)";
				COMBINE_HIDPI_IMAGES = YES;
				INFOPLIST_FILE = FaderBarTests/Info.plist;
				LD_RUNPATH_SEARCH_PATHS = "$(inherited) @executable_path/../Frameworks @loader_path/../Frameworks";
				PRODUCT_BUNDLE_IDENTIFIER = iain8.FaderBarTests;
				PRODUCT_NAME = "$(TARGET_NAME)";
				SWIFT_VERSION = 3.0;
				TEST_HOST = "$(BUILT_PRODUCTS_DIR)/FaderBar.app/Contents/MacOS/FaderBar";
			};
			name = Debug;
		};
		AEAE7E621DF33A5900B0774E /* Release */ = {
			isa = XCBuildConfiguration;
			buildSettings = {
				ALWAYS_EMBED_SWIFT_STANDARD_LIBRARIES = YES;
				BUNDLE_LOADER = "$(TEST_HOST)";
				COMBINE_HIDPI_IMAGES = YES;
				INFOPLIST_FILE = FaderBarTests/Info.plist;
				LD_RUNPATH_SEARCH_PATHS = "$(inherited) @executable_path/../Frameworks @loader_path/../Frameworks";
				PRODUCT_BUNDLE_IDENTIFIER = iain8.FaderBarTests;
				PRODUCT_NAME = "$(TARGET_NAME)";
				SWIFT_VERSION = 3.0;
				TEST_HOST = "$(BUILT_PRODUCTS_DIR)/FaderBar.app/Contents/MacOS/FaderBar";
			};
			name = Release;
		};
		AEAE7E641DF33A5900B0774E /* Debug */ = {
			isa = XCBuildConfiguration;
			buildSettings = {
				ALWAYS_EMBED_SWIFT_STANDARD_LIBRARIES = YES;
				COMBINE_HIDPI_IMAGES = YES;
				INFOPLIST_FILE = FaderBarUITests/Info.plist;
				LD_RUNPATH_SEARCH_PATHS = "$(inherited) @executable_path/../Frameworks @loader_path/../Frameworks";
				PRODUCT_BUNDLE_IDENTIFIER = iain8.FaderBarUITests;
				PRODUCT_NAME = "$(TARGET_NAME)";
				SWIFT_VERSION = 3.0;
				TEST_TARGET_NAME = FaderBar;
			};
			name = Debug;
		};
		AEAE7E651DF33A5900B0774E /* Release */ = {
			isa = XCBuildConfiguration;
			buildSettings = {
				ALWAYS_EMBED_SWIFT_STANDARD_LIBRARIES = YES;
				COMBINE_HIDPI_IMAGES = YES;
				INFOPLIST_FILE = FaderBarUITests/Info.plist;
				LD_RUNPATH_SEARCH_PATHS = "$(inherited) @executable_path/../Frameworks @loader_path/../Frameworks";
				PRODUCT_BUNDLE_IDENTIFIER = iain8.FaderBarUITests;
				PRODUCT_NAME = "$(TARGET_NAME)";
				SWIFT_VERSION = 3.0;
				TEST_TARGET_NAME = FaderBar;
			};
			name = Release;
		};
/* End XCBuildConfiguration section */

/* Begin XCConfigurationList section */
		AEAE7E351DF33A5900B0774E /* Build configuration list for PBXProject "FaderBar" */ = {
			isa = XCConfigurationList;
			buildConfigurations = (
				AEAE7E5B1DF33A5900B0774E /* Debug */,
				AEAE7E5C1DF33A5900B0774E /* Release */,
			);
			defaultConfigurationIsVisible = 0;
			defaultConfigurationName = Release;
		};
		AEAE7E5D1DF33A5900B0774E /* Build configuration list for PBXNativeTarget "FaderBar" */ = {
			isa = XCConfigurationList;
			buildConfigurations = (
				AEAE7E5E1DF33A5900B0774E /* Debug */,
				AEAE7E5F1DF33A5900B0774E /* Release */,
			);
			defaultConfigurationIsVisible = 0;
			defaultConfigurationName = Release;
		};
		AEAE7E601DF33A5900B0774E /* Build configuration list for PBXNativeTarget "FaderBarTests" */ = {
			isa = XCConfigurationList;
			buildConfigurations = (
				AEAE7E611DF33A5900B0774E /* Debug */,
				AEAE7E621DF33A5900B0774E /* Release */,
			);
			defaultConfigurationIsVisible = 0;
			defaultConfigurationName = Release;
		};
		AEAE7E631DF33A5900B0774E /* Build configuration list for PBXNativeTarget "FaderBarUITests" */ = {
			isa = XCConfigurationList;
			buildConfigurations = (
				AEAE7E641DF33A5900B0774E /* Debug */,
				AEAE7E651DF33A5900B0774E /* Release */,
			);
			defaultConfigurationIsVisible = 0;
			defaultConfigurationName = Release;
		};
/* End XCConfigurationList section */
	};
	rootObject = AEAE7E321DF33A5900B0774E /* Project object */;
}
